hash: ddc0362447507bc18b653935dba59db7e0716f30b18b93a1fa2ee3b8c8ccb46f
updated: 2020-03-19T12:49:51.286717931-03:00
imports:
- name: github.com/anmitsu/go-shlex
  version: 648efa622239a2f6ff949fed78ee37b48d499ba4
- name: github.com/gliderlabs/ssh
  version: 5b6cc7030f17095c0cf23bb063b0bfe824fe5f8b
- name: github.com/gorilla/mux
  version: 75dcda0896e109a2a22c9315bca3bb21b87b2ba5
- name: github.com/gorilla/websocket
  version: c3e18be99d19e6b3e8f1559eea2c161a665c4b6b
- name: github.com/konsorten/go-windows-terminal-sequences
  version: f55edac94c9bbba5d6182a4be46d86a2c9b5b50e
- name: github.com/parnurzeal/gorequest
  version: b735e503d8bf955a72baf89723cdb50ab0bd668c
- name: github.com/pkg/errors
  version: 614d223910a179a466c1767a985424175c39b465
- name: github.com/Sirupsen/logrus
  version: 839c75faf7f98a33d445d181f3018b5c3409a45e
- name: github.com/xdg/stringprep
  version: bd625b8dc1e3b0f57412280ccbcc317f0c69d8db
- name: golang.org/x/crypto
  version: 1b76d66859c6111b3d5c3ea6600ea44dc188bf12
  subpackages:
  - blowfish
  - chacha20
  - curve25519
  - ed25519
  - ed25519/internal/edwards25519
  - internal/subtle
  - poly1305
  - ssh
  - ssh/internal/bcrypt_pbkdf
- name: golang.org/x/net
  version: 244492dfa37ae2ce87222fd06250a03160745faa
  subpackages:
  - publicsuffix
- name: golang.org/x/sys
  version: 5766fd39f98ddd8d769ad4aedcee557dd28de90f
  subpackages:
  - cpu
  - unix
- name: moul.io/http2curl
  version: 9280a7ca1854f93dfee71d5e7d448627123efaf5
testImports: []
