hash: 1837b75eb0ef466016a4240a04a1fbf34d42bbe06835fcc6df987b85c5aaf8f3
updated: 2019-06-04T18:11:41.267106021-03:00
imports:
- name: github.com/anmitsu/go-shlex
  version: 648efa622239a2f6ff949fed78ee37b48d499ba4
- name: github.com/eclipse/paho.mqtt.golang
  version: 36d01c2b4cbeb3d2a12063e4880ce30800af9560
  subpackages:
  - packets
- name: github.com/gliderlabs/ssh
  version: a9daacccc9f1368e52f390591d908470cee477d2
- name: github.com/konsorten/go-windows-terminal-sequences
  version: 5c8c8bd35d3832f5d134ae1e1e375b69a4d25242
- name: github.com/moul/http2curl
  version: 9ac6cf4d929b2fa8fd2d2e6dec5bb0feb4f4911d
- name: github.com/parnurzeal/gorequest
  version: a578a48e8d6ca8b01a3b18314c43c6716bb5f5a3
- name: github.com/pkg/errors
  version: ba968bfe8b2f7e042a574c888954fccecfa385b4
- name: github.com/satori/go.uuid
  version: f58768cc1a7a7e77a3bd49e98cdd21419399b6a3
- name: github.com/Sirupsen/logrus
  version: 839c75faf7f98a33d445d181f3018b5c3409a45e
- name: golang.org/x/crypto
  version: 0c41d7ab0a0ee717d4590a44bcb987dfd9e183eb
  subpackages:
  - curve25519
  - ed25519
  - ed25519/internal/edwards25519
  - internal/chacha20
  - internal/subtle
  - poly1305
  - ssh
- name: golang.org/x/net
  version: db08ff08e8622530d9ed3a0e8ac279f6d4c02196
  subpackages:
  - internal/socks
  - proxy
  - publicsuffix
  - websocket
- name: golang.org/x/sys
  version: fa43e7bc11baaae89f3f902b2b4d832b68234844
  subpackages:
  - unix
testImports: []
