hash: 9f423732e34d913d905be69ccaabc3ab52c9c16fb4dbdf3bed9bd4bfd0aa888f
updated: 2020-01-06T17:38:56.753696169-03:00
imports:
- name: golang.org/x/crypto
  version: f99c8df09eb5bff426315721bfa5f16a99cad32c
  subpackages:
  - curve25519
  - ed25519
  - ed25519/internal/edwards25519
  - internal/chacha20
  - internal/subtle
  - poly1305
  - ssh
- name: golang.org/x/net
  version: 60506f45cf65977eb3a9c6e30f995f54a721c271
  subpackages:
  - websocket
- name: golang.org/x/sys
  version: 4c4f7f33c9ed00de01c4c741d2177abfcfe19307
  subpackages:
  - cpu
testImports: []
