hash: 3a0a83eb820c5126bec8ddbc077535df243b8587046667b0e89023c2ff117b86
updated: 2020-01-07T08:59:28.255773545-03:00
imports:
- name: github.com/anmitsu/go-shlex
  version: 648efa622239a2f6ff949fed78ee37b48d499ba4
- name: github.com/creack/pty
  version: 3a6a957789163cacdfe0e291617a1c8e80612c11
- name: github.com/eclipse/paho.mqtt.golang
  version: adca289fdcf8c883800aafa545bc263452290bae
  subpackages:
  - packets
- name: github.com/gliderlabs/ssh
  version: 59d6e4540dea33ecd8f90b12887906b7b081fbcd
- name: github.com/jaypipes/ghw
  version: c7df1345868fa7ed1113d11b67f023db0a3253c8
- name: github.com/kelseyhightower/envconfig
  version: 0b417c4ec4a8a82eecc22a1459a504aa55163d61
- name: github.com/konsorten/go-windows-terminal-sequences
  version: 5c8c8bd35d3832f5d134ae1e1e375b69a4d25242
- name: github.com/kr/pty
  version: 24b51915630e1d9d3c6adf15a3a96796bbc3cd43
- name: github.com/libertylocked/urlpattern
  version: 72b487d5dfd69b0a1b248849a30793a02da23b50
- name: github.com/mattn/go-shellwords
  version: 36a9b3c57cb5caa559ff63fb7e9b585f1c00df75
- name: github.com/parnurzeal/gorequest
  version: b735e503d8bf955a72baf89723cdb50ab0bd668c
- name: github.com/pkg/errors
  version: ba968bfe8b2f7e042a574c888954fccecfa385b4
- name: github.com/shirou/gopsutil
  version: c0410b92ca5e440fba10e069c9a4aac3f64d3fc6
  subpackages:
  - cpu
  - mem
- name: github.com/sirupsen/logrus
  version: 839c75faf7f98a33d445d181f3018b5c3409a45e
- name: golang.org/x/crypto
  version: f99c8df09eb5bff426315721bfa5f16a99cad32c
  subpackages:
  - curve25519
  - ed25519
  - ed25519/internal/edwards25519
  - internal/chacha20
  - internal/subtle
  - poly1305
  - ssh
- name: golang.org/x/net
  version: 60506f45cf65977eb3a9c6e30f995f54a721c271
  subpackages:
  - internal/socks
  - proxy
  - publicsuffix
  - websocket
- name: golang.org/x/sys
  version: 4c4f7f33c9ed00de01c4c741d2177abfcfe19307
  subpackages:
  - cpu
  - unix
- name: moul.io/http2curl
  version: 5cd742060b0e0de91f875277b77dd7d7e68b23ca
testImports: []
