hash: 8214b051070ccf4b7b9567bb2c1ebad218fe38077e594921498602439c06fdcb
updated: 2019-06-26T11:20:27.417419898-03:00
imports:
- name: github.com/anmitsu/go-shlex
  version: 648efa622239a2f6ff949fed78ee37b48d499ba4
- name: github.com/eclipse/paho.mqtt.golang
  version: adca289fdcf8c883800aafa545bc263452290bae
  subpackages:
  - packets
- name: github.com/gliderlabs/ssh
  version: 5b6cc7030f17095c0cf23bb063b0bfe824fe5f8b
- name: github.com/jaypipes/ghw
  version: 032dfb1f8cb2b9b5c0e894855833e23ff1fe24a9
- name: github.com/kelseyhightower/envconfig
  version: 0b417c4ec4a8a82eecc22a1459a504aa55163d61
- name: github.com/konsorten/go-windows-terminal-sequences
  version: f55edac94c9bbba5d6182a4be46d86a2c9b5b50e
- name: github.com/kr/pty
  version: b6e1bdd4a4f88614e0c6e5e8089c7abed98aae17
- name: github.com/libertylocked/urlpattern
  version: 72b487d5dfd69b0a1b248849a30793a02da23b50
- name: github.com/moul/http2curl
  version: 673ac5e47953f6b1523def6719a0de496707ac63
- name: github.com/msteinert/pam
  version: f29b9f28d6f9a1f6c4e6fd5db731999eb946574b
- name: github.com/parnurzeal/gorequest
  version: a578a48e8d6ca8b01a3b18314c43c6716bb5f5a3
- name: github.com/pkg/errors
  version: ba968bfe8b2f7e042a574c888954fccecfa385b4
- name: github.com/shirou/gopsutil
  version: 5335e3fd506df4cb63de0a8239c7461d23063be6
  subpackages:
  - cpu
  - mem
- name: github.com/sirupsen/logrus
  version: 839c75faf7f98a33d445d181f3018b5c3409a45e
- name: golang.org/x/crypto
  version: f99c8df09eb5bff426315721bfa5f16a99cad32c
  subpackages:
  - curve25519
  - ed25519
  - ed25519/internal/edwards25519
  - internal/chacha20
  - internal/subtle
  - poly1305
  - ssh
- name: golang.org/x/net
  version: 60506f45cf65977eb3a9c6e30f995f54a721c271
  subpackages:
  - internal/socks
  - proxy
  - publicsuffix
  - websocket
- name: golang.org/x/sys
  version: 4c4f7f33c9ed00de01c4c741d2177abfcfe19307
  subpackages:
  - cpu
  - unix
testImports: []
