hash: 88b25e1b06e61000d09bf4f2f3add83e3b1c84cf4d62e52efc006bf10f5494f9
updated: 2020-03-19T11:29:17.867466773-03:00
imports:
- name: github.com/cnf/structhash
  version: 62a607eb02243845670f25a61cbc2d394c1ede10
- name: github.com/dgrijalva/jwt-go
  version: 06ea1031745cb8b3dab3f6a236daf2b0aa468b7e
- name: github.com/go-stack/stack
  version: 2fee6af1a9795aafbe0253a0cfbdf668e1fb8a9a
- name: github.com/golang/snappy
  version: ff6b7dc882cf4cfba7ee0b9f7dcc1ac096c554aa
- name: github.com/klauspost/compress
  version: badde5230a5d116220c8066bc77f97905bb15957
  subpackages:
  - fse
  - huff0
  - snappy
  - zstd
  - zstd/internal/xxhash
- name: github.com/labstack/echo
  version: 38772c686c76b501f94bd6cd5b77f5842e93b559
  subpackages:
  - middleware
- name: github.com/labstack/gommon
  version: 4919956f6fb227b548f004da27c7c6b20fba499f
  subpackages:
  - bytes
  - color
  - log
  - random
- name: github.com/mattn/go-colorable
  version: 4e32bdb9fe4eefa9b10cb112e44debf77784ff7a
- name: github.com/mattn/go-isatty
  version: cb30d6282491c185f77d9bec5d25de1bb61a06bc
- name: github.com/mitchellh/mapstructure
  version: 9e4011917e467353a5cacb6b11f3991b381055c8
- name: github.com/pkg/errors
  version: 614d223910a179a466c1767a985424175c39b465
- name: github.com/valyala/bytebufferpool
  version: cdfbe9377474227bb42120c1e22fd4433e7f69bf
- name: github.com/valyala/fasttemplate
  version: f2edffee060be376160f92203356c93e83b01352
- name: github.com/xakep666/mongo-migrate
  version: b6296c15c8d5306313226a3e4ed234f8c45dccc9
- name: github.com/xdg/scram
  version: 7eeb5667e42c09cb51bf7b7c28aea8c56767da90
- name: github.com/xdg/stringprep
  version: 73f8eece6fdcd902c185bf651de50f3828bed5ed
- name: go.mongodb.org/mongo-driver
  version: 17ea4abd2ac121376c1f782964fce1c3ee692915
  subpackages:
  - bson
  - bson/bsoncodec
  - bson/bsonoptions
  - bson/bsonrw
  - bson/bsontype
  - bson/primitive
  - event
  - internal
  - mongo
  - mongo/options
  - mongo/readconcern
  - mongo/readpref
  - mongo/writeconcern
  - tag
  - version
  - x/bsonx
  - x/bsonx/bsoncore
  - x/mongo/driver
  - x/mongo/driver/address
  - x/mongo/driver/auth
  - x/mongo/driver/auth/internal/gssapi
  - x/mongo/driver/connstring
  - x/mongo/driver/description
  - x/mongo/driver/dns
  - x/mongo/driver/mongocrypt
  - x/mongo/driver/mongocrypt/options
  - x/mongo/driver/operation
  - x/mongo/driver/session
  - x/mongo/driver/topology
  - x/mongo/driver/uuid
  - x/mongo/driver/wiremessage
- name: golang.org/x/crypto
  version: 1b76d66859c6111b3d5c3ea6600ea44dc188bf12
  subpackages:
  - acme
  - acme/autocert
  - pbkdf2
- name: golang.org/x/net
  version: 244492dfa37ae2ce87222fd06250a03160745faa
  subpackages:
  - idna
  - websocket
- name: golang.org/x/sync
  version: 43a5402ce75a95522677f77c619865d66b8c57ab
  subpackages:
  - semaphore
- name: golang.org/x/sys
  version: 5766fd39f98ddd8d769ad4aedcee557dd28de90f
  subpackages:
  - unix
- name: golang.org/x/text
  version: 06d492aade888ab8698aad35476286b7b555c961
  subpackages:
  - secure/bidirule
  - transform
  - unicode/bidi
  - unicode/norm
testImports: []
