hash: c5365a9671550dc1f3422a03a2975cc3e0a5dc863af2dcad75b895bf94e56777
updated: 2020-03-05T09:35:54.649285776-03:00
imports:
- name: cirello.io/goherokuname
  version: 54f91376eb16467d4ca1b3b6d7c351f41524fe52
  subpackages:
  - '...'
- name: github.com/cnf/structhash
  version: 62a607eb02243845670f25a61cbc2d394c1ede10
- name: github.com/dgrijalva/jwt-go
  version: 06ea1031745cb8b3dab3f6a236daf2b0aa468b7e
- name: github.com/go-stack/stack
  version: 2fee6af1a9795aafbe0253a0cfbdf668e1fb8a9a
- name: github.com/golang/snappy
  version: ff6b7dc882cf4cfba7ee0b9f7dcc1ac096c554aa
- name: github.com/gorilla/mux
  version: 75dcda0896e109a2a22c9315bca3bb21b87b2ba5
- name: github.com/gorilla/websocket
  version: c3e18be99d19e6b3e8f1559eea2c161a665c4b6b
- name: github.com/klauspost/compress
  version: 022415c7cabcefa1c24832ebdf8598a41008e77a
  subpackages:
  - fse
  - huff0
  - snappy
  - zstd
  - zstd/internal/xxhash
- name: github.com/labstack/echo
  version: 38772c686c76b501f94bd6cd5b77f5842e93b559
  subpackages:
  - middleware
- name: github.com/labstack/gommon
  version: 4919956f6fb227b548f004da27c7c6b20fba499f
  subpackages:
  - bytes
  - color
  - log
  - random
- name: github.com/mattn/go-colorable
  version: 4e32bdb9fe4eefa9b10cb112e44debf77784ff7a
- name: github.com/mattn/go-isatty
  version: cb30d6282491c185f77d9bec5d25de1bb61a06bc
- name: github.com/mitchellh/mapstructure
  version: 3536a929edddb9a5b34bd6861dc4a9647cb459fe
- name: github.com/pkg/errors
  version: 614d223910a179a466c1767a985424175c39b465
- name: github.com/valyala/bytebufferpool
  version: cdfbe9377474227bb42120c1e22fd4433e7f69bf
- name: github.com/valyala/fasttemplate
  version: f2edffee060be376160f92203356c93e83b01352
- name: github.com/xakep666/mongo-migrate
  version: b6296c15c8d5306313226a3e4ed234f8c45dccc9
- name: github.com/xdg/scram
  version: 7eeb5667e42c09cb51bf7b7c28aea8c56767da90
- name: github.com/xdg/stringprep
  version: 73f8eece6fdcd902c185bf651de50f3828bed5ed
- name: go.mongodb.org/mongo-driver
  version: 17ea4abd2ac121376c1f782964fce1c3ee692915
  subpackages:
  - bson
  - bson/bsoncodec
  - bson/bsonoptions
  - bson/bsonrw
  - bson/bsontype
  - bson/primitive
  - event
  - internal
  - mongo
  - mongo/options
  - mongo/readconcern
  - mongo/readpref
  - mongo/writeconcern
  - tag
  - version
  - x/bsonx
  - x/bsonx/bsoncore
  - x/mongo/driver
  - x/mongo/driver/address
  - x/mongo/driver/auth
  - x/mongo/driver/auth/internal/gssapi
  - x/mongo/driver/connstring
  - x/mongo/driver/description
  - x/mongo/driver/dns
  - x/mongo/driver/mongocrypt
  - x/mongo/driver/mongocrypt/options
  - x/mongo/driver/operation
  - x/mongo/driver/session
  - x/mongo/driver/topology
  - x/mongo/driver/uuid
  - x/mongo/driver/wiremessage
- name: golang.org/x/crypto
  version: 78000ba7a073cafc0278790f6bce552a0f25850e
  subpackages:
  - acme
  - acme/autocert
  - blowfish
  - chacha20
  - curve25519
  - ed25519
  - ed25519/internal/edwards25519
  - internal/subtle
  - pbkdf2
  - poly1305
  - ssh
  - ssh/internal/bcrypt_pbkdf
- name: golang.org/x/net
  version: 244492dfa37ae2ce87222fd06250a03160745faa
  subpackages:
  - idna
  - websocket
- name: golang.org/x/sync
  version: cd5d95a43a6e21273425c7ae415d3df9ea832eeb
  subpackages:
  - semaphore
- name: golang.org/x/sys
  version: 5c8b2ff67527cb88b770f693cebf3799036d8bc0
  subpackages:
  - cpu
  - unix
- name: golang.org/x/text
  version: 929e72ca90deac4784bbe451caf10faa5b256ebe
  subpackages:
  - secure/bidirule
  - transform
  - unicode/bidi
  - unicode/norm
- name: gopkg.in/mgo.v2
  version: a6b53ec6cb22a3699387a57a161566f9402ee85b
  subpackages:
  - bson
testImports: []
